<Solution>
  <Folder Name="/src/">
    <Project Path="src\DS.George.Extensions.Core.Analyzers\DS.George.Extensions.Core.Analyzers.csproj" Type="Classic C#" />
    <Project Path="src\DS.George.Extensions.Core.Common\DS.George.Extensions.Core.Common.csproj" Type="Classic C#" />
    <Project Path="src\DS.George.Extensions.Core\DS.George.Extensions.Core.csproj" Type="Classic C#" />
  </Folder>
</Solution>